// !$*UTF8*$!
{
	archiveVersion = 1;
	classes = {
	};
	objectVersion = 46;
	objects = {

/* Begin PBXBuildFile section */
		D635D6DE1CD5EA8900551F46 /* main.m in Sources */ = {isa = PBXBuildFile; fileRef = D635D6DD1CD5EA8900551F46 /* main.m */; };
		D635D6E11CD5EA8900551F46 /* AppDelegate.m in Sources */ = {isa = PBXBuildFile; fileRef = D635D6E01CD5EA8900551F46 /* AppDelegate.m */; };
		D635D6E41CD5EA8900551F46 /* ViewController.m in Sources */ = {isa = PBXBuildFile; fileRef = D635D6E31CD5EA8900551F46 /* ViewController.m */; };
		D635D6E71CD5EA8900551F46 /* Main.storyboard in Resources */ = {isa = PBXBuildFile; fileRef = D635D6E51CD5EA8900551F46 /* Main.storyboard */; };
		D635D6E91CD5EA8900551F46 /* Assets.xcassets in Resources */ = {isa = PBXBuildFile; fileRef = D635D6E81CD5EA8900551F46 /* Assets.xcassets */; };
		D635D6EC1CD5EA8900551F46 /* LaunchScreen.storyboard in Resources */ = {isa = PBXBuildFile; fileRef = D635D6EA1CD5EA8900551F46 /* LaunchScreen.storyboard */; };
		D635D6F71CD5EA8A00551F46 /* testTests.m in Sources */ = {isa = PBXBuildFile; fileRef = D635D6F61CD5EA8A00551F46 /* testTests.m */; };
		D635D7021CD5EA8A00551F46 /* testUITests.m in Sources */ = {isa = PBXBuildFile; fileRef = D635D7011CD5EA8A00551F46 /* testUITests.m */; };
		D653C5C31CD5FA8A0009D3E7 /* CustomVCOne.m in Sources */ = {isa = PBXBuildFile; fileRef = D653C5C21CD5FA8A0009D3E7 /* CustomVCOne.m */; };
/* End PBXBuildFile section */

/* Begin PBXContainerItemProxy section */
		D635D6F31CD5EA8A00551F46 /* PBXContainerItemProxy */ = {
			isa = PBXContainerItemProxy;
			containerPortal = D635D6D11CD5EA8900551F46 /* Project object */;
			proxyType = 1;
			remoteGlobalIDString = D635D6D81CD5EA8900551F46;
			remoteInfo = test;
		};
		D635D6FE1CD5EA8A00551F46 /* PBXContainerItemProxy */ = {
			isa = PBXContainerItemProxy;
			containerPortal = D635D6D11CD5EA8900551F46 /* Project object */;
			proxyType = 1;
			remoteGlobalIDString = D635D6D81CD5EA8900551F46;
			remoteInfo = test;
		};
/* End PBXContainerItemProxy section */

/* Begin PBXFileReference section */
		D635D6D91CD5EA8900551F46 /* test.app */ = {isa = PBXFileReference; explicitFileType = wrapper.application; includeInIndex = 0; path = test.app; sourceTree = BUILT_PRODUCTS_DIR; };
		D635D6DD1CD5EA8900551F46 /* main.m */ = {isa = PBXFileReference; lastKnownFileType = sourcecode.c.objc; path = main.m; sourceTree = "<group>"; };
		D635D6DF1CD5EA8900551F46 /* AppDelegate.h */ = {isa = PBXFileReference; lastKnownFileType = sourcecode.c.h; path = AppDelegate.h; sourceTree = "<group>"; };
		D635D6E01CD5EA8900551F46 /* AppDelegate.m */ = {isa = PBXFileReference; lastKnownFileType = sourcecode.c.objc; path = AppDelegate.m; sourceTree = "<group>"; };
		D635D6E21CD5EA8900551F46 /* ViewController.h */ = {isa = PBXFileReference; lastKnownFileType = sourcecode.c.h; path = ViewController.h; sourceTree = "<group>"; };
		D635D6E31CD5EA8900551F46 /* ViewController.m */ = {isa = PBXFileReference; lastKnownFileType = sourcecode.c.objc; path = ViewController.m; sourceTree = "<group>"; };
		D635D6E61CD5EA8900551F46 /* Base */ = {isa = PBXFileReference; lastKnownFileType = file.storyboard; name = Base; path = Base.lproj/Main.storyboard; sourceTree = "<group>"; };
		D635D6E81CD5EA8900551F46 /* Assets.xcassets */ = {isa = PBXFileReference; lastKnownFileType = folder.assetcatalog; path = Assets.xcassets; sourceTree = "<group>"; };
		D635D6EB1CD5EA8900551F46 /* Base */ = {isa = PBXFileReference; lastKnownFileType = file.storyboard; name = Base; path = Base.lproj/LaunchScreen.storyboard; sourceTree = "<group>"; };
		D635D6ED1CD5EA8900551F46 /* Info.plist */ = {isa = PBXFileReference; lastKnownFileType = text.plist.xml; path = Info.plist; sourceTree = "<group>"; };
		D635D6F21CD5EA8A00551F46 /* testTests.xctest */ = {isa = PBXFileReference; explicitFileType = wrapper.cfbundle; includeInIndex = 0; path = testTests.xctest; sourceTree = BUILT_PRODUCTS_DIR; };
		D635D6F61CD5EA8A00551F46 /* testTests.m */ = {isa = PBXFileReference; lastKnownFileType = sourcecode.c.objc; path = testTests.m; sourceTree = "<group>"; };
		D635D6F81CD5EA8A00551F46 /* Info.plist */ = {isa = PBXFileReference; lastKnownFileType = text.plist.xml; path = Info.plist; sourceTree = "<group>"; };
		D635D6FD1CD5EA8A00551F46 /* testUITests.xctest */ = {isa = PBXFileReference; explicitFileType = wrapper.cfbundle; includeInIndex = 0; path = testUITests.xctest; sourceTree = BUILT_PRODUCTS_DIR; };
		D635D7011CD5EA8A00551F46 /* testUITests.m */ = {isa = PBXFileReference; lastKnownFileType = sourcecode.c.objc; path = testUITests.m; sourceTree = "<group>"; };
		D635D7031CD5EA8A00551F46 /* Info.plist */ = {isa = PBXFileReference; lastKnownFileType = text.plist.xml; path = Info.plist; sourceTree = "<group>"; };
		D653C5C11CD5FA8A0009D3E7 /* CustomVCOne.h */ = {isa = PBXFileReference; fileEncoding = 4; lastKnownFileType = sourcecode.c.h; path = CustomVCOne.h; sourceTree = "<group>"; };
		D653C5C21CD5FA8A0009D3E7 /* CustomVCOne.m */ = {isa = PBXFileReference; fileEncoding = 4; lastKnownFileType = sourcecode.c.objc; path = CustomVCOne.m; sourceTree = "<group>"; };
/* End PBXFileReference section */

/* Begin PBXFrameworksBuildPhase section */
		D635D6D61CD5EA8900551F46 /* Frameworks */ = {
			isa = PBXFrameworksBuildPhase;
			buildActionMask = 2147483647;
			files = (
			);
			runOnlyForDeploymentPostprocessing = 0;
		};
		D635D6EF1CD5EA8A00551F46 /* Frameworks */ = {
			isa = PBXFrameworksBuildPhase;
			buildActionMask = 2147483647;
			files = (
			);
			runOnlyForDeploymentPostprocessing = 0;
		};
		D635D6FA1CD5EA8A00551F46 /* Frameworks */ = {
			isa = PBXFrameworksBuildPhase;
			buildActionMask = 2147483647;
			files = (
			);
			runOnlyForDeploymentPostprocessing = 0;
		};
/* End PBXFrameworksBuildPhase section */

/* Begin PBXGroup section */
		D635D6D01CD5EA8900551F46 = {
			isa = PBXGroup;
			children = (
				D635D6DB1CD5EA8900551F46 /* test */,
				D635D6F51CD5EA8A00551F46 /* testTests */,
				D635D7001CD5EA8A00551F46 /* testUITests */,
				D635D6DA1CD5EA8900551F46 /* Products */,
			);
			sourceTree = "<group>";
		};
		D635D6DA1CD5EA8900551F46 /* Products */ = {
			isa = PBXGroup;
			children = (
				D635D6D91CD5EA8900551F46 /* test.app */,
				D635D6F21CD5EA8A00551F46 /* testTests.xctest */,
				D635D6FD1CD5EA8A00551F46 /* testUITests.xctest */,
			);
			name = Products;
			sourceTree = "<group>";
		};
		D635D6DB1CD5EA8900551F46 /* test */ = {
			isa = PBXGroup;
			children = (
				D635D6DF1CD5EA8900551F46 /* AppDelegate.h */,
				D635D6E01CD5EA8900551F46 /* AppDelegate.m */,
				D635D6E21CD5EA8900551F46 /* ViewController.h */,
				D635D6E31CD5EA8900551F46 /* ViewController.m */,
				D653C5C11CD5FA8A0009D3E7 /* CustomVCOne.h */,
				D653C5C21CD5FA8A0009D3E7 /* CustomVCOne.m */,
				D635D6E51CD5EA8900551F46 /* Main.storyboard */,
				D635D6E81CD5EA8900551F46 /* Assets.xcassets */,
				D635D6EA1CD5EA8900551F46 /* LaunchScreen.storyboard */,
				D635D6ED1CD5EA8900551F46 /* Info.plist */,
				D635D6DC1CD5EA8900551F46 /* Supporting Files */,
			);
			path = test;
			sourceTree = "<group>";
		};
		D635D6DC1CD5EA8900551F46 /* Supporting Files */ = {
			isa = PBXGroup;
			children = (
				D635D6DD1CD5EA8900551F46 /* main.m */,
			);
			name = "Supporting Files";
			sourceTree = "<group>";
		};
		D635D6F51CD5EA8A00551F46 /* testTests */ = {
			isa = PBXGroup;
			children = (
				D635D6F61CD5EA8A00551F46 /* testTests.m */,
				D635D6F81CD5EA8A00551F46 /* Info.plist */,
			);
			path = testTests;
			sourceTree = "<group>";
		};
		D635D7001CD5EA8A00551F46 /* testUITests */ = {
			isa = PBXGroup;
			children = (
				D635D7011CD5EA8A00551F46 /* testUITests.m */,
				D635D7031CD5EA8A00551F46 /* Info.plist */,
			);
			path = testUITests;
			sourceTree = "<group>";
		};
/* End PBXGroup section */

/* Begin PBXNativeTarget section */
		D635D6D81CD5EA8900551F46 /* test */ = {
			isa = PBXNativeTarget;
			buildConfigurationList = D635D7061CD5EA8A00551F46 /* Build configuration list for PBXNativeTarget "test" */;
			buildPhases = (
				D635D6D51CD5EA8900551F46 /* Sources */,
				D635D6D61CD5EA8900551F46 /* Frameworks */,
				D635D6D71CD5EA8900551F46 /* Resources */,
			);
			buildRules = (
			);
			dependencies = (
			);
			name = test;
			productName = test;
			productReference = D635D6D91CD5EA8900551F46 /* test.app */;
			productType = "com.apple.product-type.application";
		};
		D635D6F11CD5EA8A00551F46 /* testTests */ = {
			isa = PBXNativeTarget;
			buildConfigurationList = D635D7091CD5EA8A00551F46 /* Build configuration list for PBXNativeTarget "testTests" */;
			buildPhases = (
				D635D6EE1CD5EA8A00551F46 /* Sources */,
				D635D6EF1CD5EA8A00551F46 /* Frameworks */,
				D635D6F01CD5EA8A00551F46 /* Resources */,
			);
			buildRules = (
			);
			dependencies = (
				D635D6F41CD5EA8A00551F46 /* PBXTargetDependency */,
			);
			name = testTests;
			productName = testTests;
			productReference = D635D6F21CD5EA8A00551F46 /* testTests.xctest */;
			productType = "com.apple.product-type.bundle.unit-test";
		};
		D635D6FC1CD5EA8A00551F46 /* testUITests */ = {
			isa = PBXNativeTarget;
			buildConfigurationList = D635D70C1CD5EA8A00551F46 /* Build configuration list for PBXNativeTarget "testUITests" */;
			buildPhases = (
				D635D6F91CD5EA8A00551F46 /* Sources */,
				D635D6FA1CD5EA8A00551F46 /* Frameworks */,
				D635D6FB1CD5EA8A00551F46 /* Resources */,
			);
			buildRules = (
			);
			dependencies = (
				D635D6FF1CD5EA8A00551F46 /* PBXTargetDependency */,
			);
			name = testUITests;
			productName = testUITests;
			productReference = D635D6FD1CD5EA8A00551F46 /* testUITests.xctest */;
			productType = "com.apple.product-type.bundle.ui-testing";
		};
/* End PBXNativeTarget section */

/* Begin PBXProject section */
		D635D6D11CD5EA8900551F46 /* Project object */ = {
			isa = PBXProject;
			attributes = {
				LastUpgradeCheck = 0720;
				ORGANIZATIONNAME = FreeBired;
				TargetAttributes = {
					D635D6D81CD5EA8900551F46 = {
						CreatedOnToolsVersion = 7.2;
					};
					D635D6F11CD5EA8A00551F46 = {
						CreatedOnToolsVersion = 7.2;
						TestTargetID = D635D6D81CD5EA8900551F46;
					};
					D635D6FC1CD5EA8A00551F46 = {
						CreatedOnToolsVersion = 7.2;
						TestTargetID = D635D6D81CD5EA8900551F46;
					};
				};
			};
			buildConfigurationList = D635D6D41CD5EA8900551F46 /* Build configuration list for PBXProject "test" */;
			compatibilityVersion = "Xcode 3.2";
			developmentRegion = English;
			hasScannedForEncodings = 0;
			knownRegions = (
				en,
				Base,
			);
			mainGroup = D635D6D01CD5EA8900551F46;
			productRefGroup = D635D6DA1CD5EA8900551F46 /* Products */;
			projectDirPath = "";
			projectRoot = "";
			targets = (
				D635D6D81CD5EA8900551F46 /* test */,
				D635D6F11CD5EA8A00551F46 /* testTests */,
				D635D6FC1CD5EA8A00551F46 /* testUITests */,
			);
		};
/* End PBXProject section */

/* Begin PBXResourcesBuildPhase section */
		D635D6D71CD5EA8900551F46 /* Resources */ = {
			isa = PBXResourcesBuildPhase;
			buildActionMask = 2147483647;
			files = (
				D635D6EC1CD5EA8900551F46 /* LaunchScreen.storyboard in Resources */,
				D635D6E91CD5EA8900551F46 /* Assets.xcassets in Resources */,
				D635D6E71CD5EA8900551F46 /* Main.storyboard in Resources */,
			);
			runOnlyForDeploymentPostprocessing = 0;
		};
		D635D6F01CD5EA8A00551F46 /* Resources */ = {
			isa = PBXResourcesBuildPhase;
			buildActionMask = 2147483647;
			files = (
			);
			runOnlyForDeploymentPostprocessing = 0;
		};
		D635D6FB1CD5EA8A00551F46 /* Resources */ = {
			isa = PBXResourcesBuildPhase;
			buildActionMask = 2147483647;
			files = (
			);
			runOnlyForDeploymentPostprocessing = 0;
		};
/* End PBXResourcesBuildPhase section */

/* Begin PBXSourcesBuildPhase section */
		D635D6D51CD5EA8900551F46 /* Sources */ = {
			isa = PBXSourcesBuildPhase;
			buildActionMask = 2147483647;
			files = (
				D635D6E41CD5EA8900551F46 /* ViewController.m in Sources */,
				D635D6E11CD5EA8900551F46 /* AppDelegate.m in Sources */,
				D653C5C31CD5FA8A0009D3E7 /* CustomVCOne.m in Sources */,
				D635D6DE1CD5EA8900551F46 /* main.m in Sources */,
			);
			runOnlyForDeploymentPostprocessing = 0;
		};
		D635D6EE1CD5EA8A00551F46 /* Sources */ = {
			isa = PBXSourcesBuildPhase;
			buildActionMask = 2147483647;
			files = (
				D635D6F71CD5EA8A00551F46 /* testTests.m in Sources */,
			);
			runOnlyForDeploymentPostprocessing = 0;
		};
		D635D6F91CD5EA8A00551F46 /* Sources */ = {
			isa = PBXSourcesBuildPhase;
			buildActionMask = 2147483647;
			files = (
				D635D7021CD5EA8A00551F46 /* testUITests.m in Sources */,
			);
			runOnlyForDeploymentPostprocessing = 0;
		};
/* End PBXSourcesBuildPhase section */

/* Begin PBXTargetDependency section */
		D635D6F41CD5EA8A00551F46 /* PBXTargetDependency */ = {
			isa = PBXTargetDependency;
			target = D635D6D81CD5EA8900551F46 /* test */;
			targetProxy = D635D6F31CD5EA8A00551F46 /* PBXContainerItemProxy */;
		};
		D635D6FF1CD5EA8A00551F46 /* PBXTargetDependency */ = {
			isa = PBXTargetDependency;
			target = D635D6D81CD5EA8900551F46 /* test */;
			targetProxy = D635D6FE1CD5EA8A00551F46 /* PBXContainerItemProxy */;
		};
/* End PBXTargetDependency section */

/* Begin PBXVariantGroup section */
		D635D6E51CD5EA8900551F46 /* Main.storyboard */ = {
			isa = PBXVariantGroup;
			children = (
				D635D6E61CD5EA8900551F46 /* Base */,
			);
			name = Main.storyboard;
			sourceTree = "<group>";
		};
		D635D6EA1CD5EA8900551F46 /* LaunchScreen.storyboard */ = {
			isa = PBXVariantGroup;
			children = (
				D635D6EB1CD5EA8900551F46 /* Base */,
			);
			name = LaunchScreen.storyboard;
			sourceTree = "<group>";
		};
/* End PBXVariantGroup section */

/* Begin XCBuildConfiguration section */
		D635D7041CD5EA8A00551F46 /* Debug */ = {
			isa = XCBuildConfiguration;
			buildSettings = {
				ALWAYS_SEARCH_USER_PATHS = NO;
				CLANG_CXX_LANGUAGE_STANDARD = "gnu++0x";
				CLANG_CXX_LIBRARY = "libc++";
				CLANG_ENABLE_MODULES = YES;
				CLANG_ENABLE_OBJC_ARC = YES;
				CLANG_WARN_BOOL_CONVERSION = YES;
				CLANG_WARN_CONSTANT_CONVERSION = YES;
				CLANG_WARN_DIRECT_OBJC_ISA_USAGE = YES_ERROR;
				CLANG_WARN_EMPTY_BODY = YES;
				CLANG_WARN_ENUM_CONVERSION = YES;
				CLANG_WARN_INT_CONVERSION = YES;
				CLANG_WARN_OBJC_ROOT_CLASS = YES_ERROR;
				CLANG_WARN_UNREACHABLE_CODE = YES;
				CLANG_WARN__DUPLICATE_METHOD_MATCH = YES;
				"CODE_SIGN_IDENTITY[sdk=iphoneos*]" = "iPhone Developer";
				COPY_PHASE_STRIP = NO;
				DEBUG_INFORMATION_FORMAT = dwarf;
				ENABLE_STRICT_OBJC_MSGSEND = YES;
				ENABLE_TESTABILITY = YES;
				GCC_C_LANGUAGE_STANDARD = gnu99;
				GCC_DYNAMIC_NO_PIC = NO;
				GCC_NO_COMMON_BLOCKS = YES;
				GCC_OPTIMIZATION_LEVEL = 0;
				GCC_PREPROCESSOR_DEFINITIONS = (
					"DEBUG=1",
					"$(inherited)",
				);
				GCC_WARN_64_TO_32_BIT_CONVERSION = YES;
				GCC_WARN_ABOUT_RETURN_TYPE = YES_ERROR;
				GCC_WARN_UNDECLARED_SELECTOR = YES;
				GCC_WARN_UNINITIALIZED_AUTOS = YES_AGGRESSIVE;
				GCC_WARN_UNUSED_FUNCTION = YES;
				GCC_WARN_UNUSED_VARIABLE = YES;
				IPHONEOS_DEPLOYMENT_TARGET = 9.2;
				MTL_ENABLE_DEBUG_INFO = YES;
				ONLY_ACTIVE_ARCH = YES;
				SDKROOT = iphoneos;
			};
			name = Debug;
		};
		D635D7051CD5EA8A00551F46 /* Release */ = {
			isa = XCBuildConfiguration;
			buildSettings = {
				ALWAYS_SEARCH_USER_PATHS = NO;
				CLANG_CXX_LANGUAGE_STANDARD = "gnu++0x";
				CLANG_CXX_LIBRARY = "libc++";
				CLANG_ENABLE_MODULES = YES;
				CLANG_ENABLE_OBJC_ARC = YES;
				CLANG_WARN_BOOL_CONVERSION = YES;
				CLANG_WARN_CONSTANT_CONVERSION = YES;
				CLANG_WARN_DIRECT_OBJC_ISA_USAGE = YES_ERROR;
				CLANG_WARN_EMPTY_BODY = YES;
				CLANG_WARN_ENUM_CONVERSION = YES;
				CLANG_WARN_INT_CONVERSION = YES;
				CLANG_WARN_OBJC_ROOT_CLASS = YES_ERROR;
				CLANG_WARN_UNREACHABLE_CODE = YES;
				CLANG_WARN__DUPLICATE_METHOD_MATCH = YES;
				"CODE_SIGN_IDENTITY[sdk=iphoneos*]" = "iPhone Developer";
				COPY_PHASE_STRIP = NO;
				DEBUG_INFORMATION_FORMAT = "dwarf-with-dsym";
				ENABLE_NS_ASSERTIONS = NO;
				ENABLE_STRICT_OBJC_MSGSEND = YES;
				GCC_C_LANGUAGE_STANDARD = gnu99;
				GCC_NO_COMMON_BLOCKS = YES;
				GCC_WARN_64_TO_32_BIT_CONVERSION = YES;
				GCC_WARN_ABOUT_RETURN_TYPE = YES_ERROR;
				GCC_WARN_UNDECLARED_SELECTOR = YES;
				GCC_WARN_UNINITIALIZED_AUTOS = YES_AGGRESSIVE;
				GCC_WARN_UNUSED_FUNCTION = YES;
				GCC_WARN_UNUSED_VARIABLE = YES;
				IPHONEOS_DEPLOYMENT_TARGET = 9.2;
				MTL_ENABLE_DEBUG_INFO = NO;
				SDKROOT = iphoneos;
				VALIDATE_PRODUCT = YES;
			};
			name = Release;
		};
		D635D7071CD5EA8A00551F46 /* Debug */ = {
			isa = XCBuildConfiguration;
			buildSettings = {
				ASSETCATALOG_COMPILER_APPICON_NAME = AppIcon;
				INFOPLIST_FILE = test/Info.plist;
				LD_RUNPATH_SEARCH_PATHS = "$(inherited) @executable_path/Frameworks";
				PRODUCT_BUNDLE_IDENTIFIER = bo.test;
				PRODUCT_NAME = "$(TARGET_NAME)";
			};
			name = Debug;
		};
		D635D7081CD5EA8A00551F46 /* Release */ = {
			isa = XCBuildConfiguration;
			buildSettings = {
				ASSETCATALOG_COMPILER_APPICON_NAME = AppIcon;
				INFOPLIST_FILE = test/Info.plist;
				LD_RUNPATH_SEARCH_PATHS = "$(inherited) @executable_path/Frameworks";
				PRODUCT_BUNDLE_IDENTIFIER = bo.test;
				PRODUCT_NAME = "$(TARGET_NAME)";
			};
			name = Release;
		};
		D635D70A1CD5EA8A00551F46 /* Debug */ = {
			isa = XCBuildConfiguration;
			buildSettings = {
				BUNDLE_LOADER = "$(TEST_HOST)";
				INFOPLIST_FILE = testTests/Info.plist;
				LD_RUNPATH_SEARCH_PATHS = "$(inherited) @executable_path/Frameworks @loader_path/Frameworks";
				PRODUCT_BUNDLE_IDENTIFIER = bo.testTests;
				PRODUCT_NAME = "$(TARGET_NAME)";
				TEST_HOST = "$(BUILT_PRODUCTS_DIR)/test.app/test";
			};
			name = Debug;
		};
		D635D70B1CD5EA8A00551F46 /* Release */ = {
			isa = XCBuildConfiguration;
			buildSettings = {
				BUNDLE_LOADER = "$(TEST_HOST)";
				INFOPLIST_FILE = testTests/Info.plist;
				LD_RUNPATH_SEARCH_PATHS = "$(inherited) @executable_path/Frameworks @loader_path/Frameworks";
				PRODUCT_BUNDLE_IDENTIFIER = bo.testTests;
				PRODUCT_NAME = "$(TARGET_NAME)";
				TEST_HOST = "$(BUILT_PRODUCTS_DIR)/test.app/test";
			};
			name = Release;
		};
		D635D70D1CD5EA8A00551F46 /* Debug */ = {
			isa = XCBuildConfiguration;
			buildSettings = {
				INFOPLIST_FILE = testUITests/Info.plist;
				LD_RUNPATH_SEARCH_PATHS = "$(inherited) @executable_path/Frameworks @loader_path/Frameworks";
				PRODUCT_BUNDLE_IDENTIFIER = bo.testUITests;
				PRODUCT_NAME = "$(TARGET_NAME)";
				TEST_TARGET_NAME = test;
				USES_XCTRUNNER = YES;
			};
			name = Debug;
		};
		D635D70E1CD5EA8A00551F46 /* Release */ = {
			isa = XCBuildConfiguration;
			buildSettings = {
				INFOPLIST_FILE = testUITests/Info.plist;
				LD_RUNPATH_SEARCH_PATHS = "$(inherited) @executable_path/Frameworks @loader_path/Frameworks";
				PRODUCT_BUNDLE_IDENTIFIER = bo.testUITests;
				PRODUCT_NAME = "$(TARGET_NAME)";
				TEST_TARGET_NAME = test;
				USES_XCTRUNNER = YES;
			};
			name = Release;
		};
/* End XCBuildConfiguration section */

/* Begin XCConfigurationList section */
		D635D6D41CD5EA8900551F46 /* Build configuration list for PBXProject "test" */ = {
			isa = XCConfigurationList;
			buildConfigurations = (
				D635D7041CD5EA8A00551F46 /* Debug */,
				D635D7051CD5EA8A00551F46 /* Release */,
			);
			defaultConfigurationIsVisible = 0;
			defaultConfigurationName = Release;
		};
		D635D7061CD5EA8A00551F46 /* Build configuration list for PBXNativeTarget "test" */ = {
			isa = XCConfigurationList;
			buildConfigurations = (
				D635D7071CD5EA8A00551F46 /* Debug */,
				D635D7081CD5EA8A00551F46 /* Release */,
			);
			defaultConfigurationIsVisible = 0;
			defaultConfigurationName = Release;
		};
		D635D7091CD5EA8A00551F46 /* Build configuration list for PBXNativeTarget "testTests" */ = {
			isa = XCConfigurationList;
			buildConfigurations = (
				D635D70A1CD5EA8A00551F46 /* Debug */,
				D635D70B1CD5EA8A00551F46 /* Release */,
			);
			defaultConfigurationIsVisible = 0;
			defaultConfigurationName = Release;
		};
		D635D70C1CD5EA8A00551F46 /* Build configuration list for PBXNativeTarget "testUITests" */ = {
			isa = XCConfigurationList;
			buildConfigurations = (
				D635D70D1CD5EA8A00551F46 /* Debug */,
				D635D70E1CD5EA8A00551F46 /* Release */,
			);
			defaultConfigurationIsVisible = 0;
			defaultConfigurationName = Release;
		};
/* End XCConfigurationList section */
	};
	rootObject = D635D6D11CD5EA8900551F46 /* Project object */;
}
